{
  "name": "active-window-listener",
  "version": "1.0.9",
  "lockfileVersion": 1,
  "requires": true,
  "dependencies": {
    "@types/luxon": {
      "version": "1.22.0",
      "resolved": "https://registry.npmjs.org/@types/luxon/-/luxon-1.22.0.tgz",
      "integrity": "sha512-riAvdx85rU7OXCrjW3f7dIf7fuJDrxck2Dkjd0weh6ul7q+wumrwe6+/tD8v7yOKnZAuEnTFF4FU7b+5W/I3bw=="
    },
    "@types/node": {
      "version": "13.13.0",
      "resolved": "https://registry.npmjs.org/@types/node/-/node-13.13.0.tgz",
      "integrity": "sha512-WE4IOAC6r/yBZss1oQGM5zs2D7RuKR6Q+w+X2SouPofnWn+LbCqClRyhO3ZE7Ix8nmFgo/oVuuE01cJT2XB13A==",
      "dev": true
    },
    "batch-cluster": {
      "version": "5.10.0",
      "resolved": "https://registry.npmjs.org/batch-cluster/-/batch-cluster-5.10.0.tgz",
      "integrity": "sha512-wE6v+52qDM5mI95ap/NSyOklKldbLy+dfN3A5mJwiF76qMozAfH3ydR7pqEkPUHlqnCmKfJl4bGcUyq5WRsBnQ=="
    },
    "exiftool-vendored": {
      "version": "11.2.0",
      "resolved": "https://registry.npmjs.org/exiftool-vendored/-/exiftool-vendored-11.2.0.tgz",
      "integrity": "sha512-/lCgNxg7SsrdGSrSFw6uQMdgOtj64wQDdwoH8XBFtSlksZHP62cBR5sBCRlrD/+fNMqzkeEiiJoF36E/Ng5FTQ==",
      "requires": {
        "batch-cluster": "^5.10.0",
        "exiftool-vendored.exe": "^11.95.0",
        "exiftool-vendored.pl": "^11.95.0",
        "luxon": "^1.23.0",
        "tz-lookup": "^6.1.25"
      }
    },
    "exiftool-vendored.exe": {
      "version": "11.95.0",
      "resolved": "https://registry.npmjs.org/exiftool-vendored.exe/-/exiftool-vendored.exe-11.95.0.tgz",
      "integrity": "sha512-27J4urqxHU++gSDpv2vWaJQpMV82Qpnhznu6dwEHMwnw07rqz126js/HInB3B3/g3wcfTViyZzwT33CaqAs3Jg==",
      "optional": true
    },
    "exiftool-vendored.pl": {
      "version": "11.95.0",
      "resolved": "https://registry.npmjs.org/exiftool-vendored.pl/-/exiftool-vendored.pl-11.95.0.tgz",
      "integrity": "sha512-9pBJiRLxnSakG1q4pBruKhNRKk1xBHa7p/AhZ9UoLQhfIwOq1DaaePxOyWqS+FM8/J+dmDscRiJOKtzBRQ6gWA==",
      "optional": true
    },
    "extract-file-icon": {
      "version": "0.3.2",
      "resolved": "https://registry.npmjs.org/extract-file-icon/-/extract-file-icon-0.3.2.tgz",
      "integrity": "sha512-We5/HaMDlioOx3c9zDjit8RtKWEvT94sJF8jTujaKVOyWL8Kkqu4QGnwDr5fID6XsbKvWT0JJNuWuV2Tmr7yiw==",
      "requires": {
        "node-addon-api": "1.7.1"
      },
      "dependencies": {
        "node-addon-api": {
          "version": "1.7.1",
          "resolved": "https://registry.npmjs.org/node-addon-api/-/node-addon-api-1.7.1.tgz",
          "integrity": "sha512-2+DuKodWvwRTrCfKOeR24KIc5unKjOh8mz17NCzVnHWfjAdDqbfbjqh7gUT+BkXBRQM52+xCHciKWonJ3CbJMQ=="
        }
      }
    },
    "luxon": {
      "version": "1.23.0",
      "resolved": "https://registry.npmjs.org/luxon/-/luxon-1.23.0.tgz",
      "integrity": "sha512-+6a/bXsCWrrR8vfbL41iM92es12zwV2Rum/KPkT+ubOZnnU3Sqbqok/FmD1xsWlWN2Y9Hu0fU/vNgU24ns7bpA=="
    },
    "node-addon-api": {
      "version": "2.0.0",
      "resolved": "https://registry.npmjs.org/node-addon-api/-/node-addon-api-2.0.0.tgz",
      "integrity": "sha512-ASCL5U13as7HhOExbT6OlWJJUV/lLzL2voOSP1UVehpRD8FbSrSDjfScK/KwAvVTI5AS6r4VwbOMlIqtvRidnA=="
    },
    "node-gyp-build": {
      "version": "4.2.1",
      "resolved": "https://registry.npmjs.org/node-gyp-build/-/node-gyp-build-4.2.1.tgz",
      "integrity": "sha512-XyCKXsqZfLqHep1hhsMncoXuUNt/cXCjg1+8CLbu69V1TKuPiOeSGbL9n+k/ByKH8UT0p4rdIX8XkTRZV0i7Sw=="
    },
    "node-window-manager": {
      "version": "2.2.1",
      "resolved": "https://registry.npmjs.org/node-window-manager/-/node-window-manager-2.2.1.tgz",
      "integrity": "sha512-RSA9WJTLCWV3yxPUyihW/bzUelifGdfTwBTGtCSgz1KdOw4uAGIx51Pk5IISFgS6TRlB7vvIUCzdNBn49f621g==",
      "requires": {
        "extract-file-icon": "^0.3.2",
        "node-addon-api": "2.0.0",
        "node-gyp-build": "^4.2.1"
      }
    },
    "tz-lookup": {
      "version": "6.1.25",
      "resolved": "https://registry.npmjs.org/tz-lookup/-/tz-lookup-6.1.25.tgz",
      "integrity": "sha512-fFewT9o1uDzsW1QnUU1ValqaihFnwiUiiHr1S79/fxOzKXYYvX+EHeRnpvQJ9B3Qg67wPXT6QF2Esc4pFOrvLg=="
    }
  }
}
