{
  "name": "active-window-listener",
  "version": "1.1.1",
  "lockfileVersion": 2,
  "requires": true,
  "packages": {
    "": {
      "version": "1.1.1",
      "license": "ISC",
      "dependencies": {
        "exiftool-vendored": "^14.0.0",
        "node-window-manager": "^2.2.1"
      },
      "devDependencies": {
        "@types/luxon": "^1.22.0",
        "@types/node": "^14.14.31"
      }
    },
    "node_modules/@types/luxon": {
      "version": "1.26.0",
      "resolved": "https://registry.npmjs.org/@types/luxon/-/luxon-1.26.0.tgz",
      "integrity": "sha512-zYmLYGczqBaOFaFjR1giG1QCbGMlXWOJcYgH9Mnk0MGcZHq1aer3ZwGXX8vd9NOfai6mAI/mVU6jD9hK0Wys7Q==",
      "dev": true
    },
    "node_modules/@types/node": {
      "version": "14.14.31",
      "resolved": "https://registry.npmjs.org/@types/node/-/node-14.14.31.tgz",
      "integrity": "sha512-vFHy/ezP5qI0rFgJ7aQnjDXwAMrG0KqqIH7tQG5PPv3BWBayOPIQNBjVc/P6hhdZfMx51REc6tfDNXHUio893g==",
      "dev": true
    },
    "node_modules/batch-cluster": {
      "version": "6.0.1",
      "resolved": "https://registry.npmjs.org/batch-cluster/-/batch-cluster-6.0.1.tgz",
      "integrity": "sha512-DwxBPQ+3gvijlM8OBH0KF4ef4kBH5ZMu2/Cj5s6extxy0PrEJvJSpyTRWprRrs/K9SMM7gI0NFSa6eiMoZgmiw==",
      "engines": {
        "node": ">=10.0.0"
      }
    },
    "node_modules/exiftool-vendored": {
      "version": "14.0.0",
      "resolved": "https://registry.npmjs.org/exiftool-vendored/-/exiftool-vendored-14.0.0.tgz",
      "integrity": "sha512-NGDAdETP02arl5GenL1+lPLiCjLvR2iD5yncD9vAdJXHOXDVrP8ENgj/H/q4VSCcuBAvQ68CP8wJUGStvdekYw==",
      "dependencies": {
        "batch-cluster": "^6.0.1",
        "he": "^1.2.0",
        "luxon": "^1.26.0",
        "tz-lookup": "^6.1.25"
      },
      "optionalDependencies": {
        "exiftool-vendored.exe": "^12.19.0",
        "exiftool-vendored.pl": "^12.19.0"
      }
    },
    "node_modules/exiftool-vendored.exe": {
      "version": "12.19.0",
      "resolved": "https://registry.npmjs.org/exiftool-vendored.exe/-/exiftool-vendored.exe-12.19.0.tgz",
      "integrity": "sha512-TZmZxNBv71dKezoafLZQo9DhD7lO3s9R7VX/b5AKBI2aLVJ4SIJQ/bSbk+0megzHvQZse0kftn/+anDSsgqWFg==",
      "optional": true,
      "os": [
        "win32"
      ]
    },
    "node_modules/exiftool-vendored.pl": {
      "version": "12.19.0",
      "resolved": "https://registry.npmjs.org/exiftool-vendored.pl/-/exiftool-vendored.pl-12.19.0.tgz",
      "integrity": "sha512-RYJ1cSzmBF1gEWS2HO0+nXW+QknVi9IUpciCRpnfzcGnRHiqLErmLLtxA6qCeL3MtlKy3ELduCWu0Phm9l6zGA==",
      "optional": true,
      "os": [
        "!win32"
      ]
    },
    "node_modules/extract-file-icon": {
      "version": "0.3.2",
      "resolved": "https://registry.npmjs.org/extract-file-icon/-/extract-file-icon-0.3.2.tgz",
      "integrity": "sha512-We5/HaMDlioOx3c9zDjit8RtKWEvT94sJF8jTujaKVOyWL8Kkqu4QGnwDr5fID6XsbKvWT0JJNuWuV2Tmr7yiw==",
      "hasInstallScript": true,
      "dependencies": {
        "node-addon-api": "1.7.1"
      }
    },
    "node_modules/extract-file-icon/node_modules/node-addon-api": {
      "version": "1.7.1",
      "resolved": "https://registry.npmjs.org/node-addon-api/-/node-addon-api-1.7.1.tgz",
      "integrity": "sha512-2+DuKodWvwRTrCfKOeR24KIc5unKjOh8mz17NCzVnHWfjAdDqbfbjqh7gUT+BkXBRQM52+xCHciKWonJ3CbJMQ=="
    },
    "node_modules/he": {
      "version": "1.2.0",
      "resolved": "https://registry.npmjs.org/he/-/he-1.2.0.tgz",
      "integrity": "sha512-F/1DnUGPopORZi0ni+CvrCgHQ5FyEAHRLSApuYWMmrbSwoN2Mn/7k+Gl38gJnR7yyDZk6WLXwiGod1JOWNDKGw==",
      "bin": {
        "he": "bin/he"
      }
    },
    "node_modules/luxon": {
      "version": "1.26.0",
      "resolved": "https://registry.npmjs.org/luxon/-/luxon-1.26.0.tgz",
      "integrity": "sha512-+V5QIQ5f6CDXQpWNICELwjwuHdqeJM1UenlZWx5ujcRMc9venvluCjFb4t5NYLhb6IhkbMVOxzVuOqkgMxee2A==",
      "engines": {
        "node": "*"
      }
    },
    "node_modules/node-addon-api": {
      "version": "2.0.0",
      "resolved": "https://registry.npmjs.org/node-addon-api/-/node-addon-api-2.0.0.tgz",
      "integrity": "sha512-ASCL5U13as7HhOExbT6OlWJJUV/lLzL2voOSP1UVehpRD8FbSrSDjfScK/KwAvVTI5AS6r4VwbOMlIqtvRidnA=="
    },
    "node_modules/node-gyp-build": {
      "version": "4.2.3",
      "resolved": "https://registry.npmjs.org/node-gyp-build/-/node-gyp-build-4.2.3.tgz",
      "integrity": "sha512-MN6ZpzmfNCRM+3t57PTJHgHyw/h4OWnZ6mR8P5j/uZtqQr46RRuDE/P+g3n0YR/AiYXeWixZZzaip77gdICfRg==",
      "bin": {
        "node-gyp-build": "bin.js",
        "node-gyp-build-optional": "optional.js",
        "node-gyp-build-test": "build-test.js"
      }
    },
    "node_modules/node-window-manager": {
      "version": "2.2.4",
      "resolved": "https://registry.npmjs.org/node-window-manager/-/node-window-manager-2.2.4.tgz",
      "integrity": "sha512-Dgq9a7qx6+Gi+BifWM79leteNz76QUtwSsdiqEe7SjvoJsc8TYQsRl1IA5uxqz5iSLeHS1iA/8YI/snoq0DblA==",
      "hasInstallScript": true,
      "dependencies": {
        "extract-file-icon": "^0.3.2",
        "node-addon-api": "2.0.0",
        "node-gyp-build": "^4.2.1"
      }
    },
    "node_modules/tz-lookup": {
      "version": "6.1.25",
      "resolved": "https://registry.npmjs.org/tz-lookup/-/tz-lookup-6.1.25.tgz",
      "integrity": "sha512-fFewT9o1uDzsW1QnUU1ValqaihFnwiUiiHr1S79/fxOzKXYYvX+EHeRnpvQJ9B3Qg67wPXT6QF2Esc4pFOrvLg=="
    }
  },
  "dependencies": {
    "@types/luxon": {
      "version": "1.26.0",
      "resolved": "https://registry.npmjs.org/@types/luxon/-/luxon-1.26.0.tgz",
      "integrity": "sha512-zYmLYGczqBaOFaFjR1giG1QCbGMlXWOJcYgH9Mnk0MGcZHq1aer3ZwGXX8vd9NOfai6mAI/mVU6jD9hK0Wys7Q==",
      "dev": true
    },
    "@types/node": {
      "version": "14.14.31",
      "resolved": "https://registry.npmjs.org/@types/node/-/node-14.14.31.tgz",
      "integrity": "sha512-vFHy/ezP5qI0rFgJ7aQnjDXwAMrG0KqqIH7tQG5PPv3BWBayOPIQNBjVc/P6hhdZfMx51REc6tfDNXHUio893g==",
      "dev": true
    },
    "batch-cluster": {
      "version": "6.0.1",
      "resolved": "https://registry.npmjs.org/batch-cluster/-/batch-cluster-6.0.1.tgz",
      "integrity": "sha512-DwxBPQ+3gvijlM8OBH0KF4ef4kBH5ZMu2/Cj5s6extxy0PrEJvJSpyTRWprRrs/K9SMM7gI0NFSa6eiMoZgmiw=="
    },
    "exiftool-vendored": {
      "version": "14.0.0",
      "resolved": "https://registry.npmjs.org/exiftool-vendored/-/exiftool-vendored-14.0.0.tgz",
      "integrity": "sha512-NGDAdETP02arl5GenL1+lPLiCjLvR2iD5yncD9vAdJXHOXDVrP8ENgj/H/q4VSCcuBAvQ68CP8wJUGStvdekYw==",
      "requires": {
        "batch-cluster": "^6.0.1",
        "exiftool-vendored.exe": "^12.19.0",
        "exiftool-vendored.pl": "^12.19.0",
        "he": "^1.2.0",
        "luxon": "^1.26.0",
        "tz-lookup": "^6.1.25"
      }
    },
    "exiftool-vendored.exe": {
      "version": "12.19.0",
      "resolved": "https://registry.npmjs.org/exiftool-vendored.exe/-/exiftool-vendored.exe-12.19.0.tgz",
      "integrity": "sha512-TZmZxNBv71dKezoafLZQo9DhD7lO3s9R7VX/b5AKBI2aLVJ4SIJQ/bSbk+0megzHvQZse0kftn/+anDSsgqWFg==",
      "optional": true
    },
    "exiftool-vendored.pl": {
      "version": "12.19.0",
      "resolved": "https://registry.npmjs.org/exiftool-vendored.pl/-/exiftool-vendored.pl-12.19.0.tgz",
      "integrity": "sha512-RYJ1cSzmBF1gEWS2HO0+nXW+QknVi9IUpciCRpnfzcGnRHiqLErmLLtxA6qCeL3MtlKy3ELduCWu0Phm9l6zGA==",
      "optional": true
    },
    "extract-file-icon": {
      "version": "0.3.2",
      "resolved": "https://registry.npmjs.org/extract-file-icon/-/extract-file-icon-0.3.2.tgz",
      "integrity": "sha512-We5/HaMDlioOx3c9zDjit8RtKWEvT94sJF8jTujaKVOyWL8Kkqu4QGnwDr5fID6XsbKvWT0JJNuWuV2Tmr7yiw==",
      "requires": {
        "node-addon-api": "1.7.1"
      },
      "dependencies": {
        "node-addon-api": {
          "version": "1.7.1",
          "resolved": "https://registry.npmjs.org/node-addon-api/-/node-addon-api-1.7.1.tgz",
          "integrity": "sha512-2+DuKodWvwRTrCfKOeR24KIc5unKjOh8mz17NCzVnHWfjAdDqbfbjqh7gUT+BkXBRQM52+xCHciKWonJ3CbJMQ=="
        }
      }
    },
    "he": {
      "version": "1.2.0",
      "resolved": "https://registry.npmjs.org/he/-/he-1.2.0.tgz",
      "integrity": "sha512-F/1DnUGPopORZi0ni+CvrCgHQ5FyEAHRLSApuYWMmrbSwoN2Mn/7k+Gl38gJnR7yyDZk6WLXwiGod1JOWNDKGw=="
    },
    "luxon": {
      "version": "1.26.0",
      "resolved": "https://registry.npmjs.org/luxon/-/luxon-1.26.0.tgz",
      "integrity": "sha512-+V5QIQ5f6CDXQpWNICELwjwuHdqeJM1UenlZWx5ujcRMc9venvluCjFb4t5NYLhb6IhkbMVOxzVuOqkgMxee2A=="
    },
    "node-addon-api": {
      "version": "2.0.0",
      "resolved": "https://registry.npmjs.org/node-addon-api/-/node-addon-api-2.0.0.tgz",
      "integrity": "sha512-ASCL5U13as7HhOExbT6OlWJJUV/lLzL2voOSP1UVehpRD8FbSrSDjfScK/KwAvVTI5AS6r4VwbOMlIqtvRidnA=="
    },
    "node-gyp-build": {
      "version": "4.2.3",
      "resolved": "https://registry.npmjs.org/node-gyp-build/-/node-gyp-build-4.2.3.tgz",
      "integrity": "sha512-MN6ZpzmfNCRM+3t57PTJHgHyw/h4OWnZ6mR8P5j/uZtqQr46RRuDE/P+g3n0YR/AiYXeWixZZzaip77gdICfRg=="
    },
    "node-window-manager": {
      "version": "2.2.4",
      "resolved": "https://registry.npmjs.org/node-window-manager/-/node-window-manager-2.2.4.tgz",
      "integrity": "sha512-Dgq9a7qx6+Gi+BifWM79leteNz76QUtwSsdiqEe7SjvoJsc8TYQsRl1IA5uxqz5iSLeHS1iA/8YI/snoq0DblA==",
      "requires": {
        "extract-file-icon": "^0.3.2",
        "node-addon-api": "2.0.0",
        "node-gyp-build": "^4.2.1"
      }
    },
    "tz-lookup": {
      "version": "6.1.25",
      "resolved": "https://registry.npmjs.org/tz-lookup/-/tz-lookup-6.1.25.tgz",
      "integrity": "sha512-fFewT9o1uDzsW1QnUU1ValqaihFnwiUiiHr1S79/fxOzKXYYvX+EHeRnpvQJ9B3Qg67wPXT6QF2Esc4pFOrvLg=="
    }
  }
}
